
Microsoft Visual Studio Solution File, Format Version 12.00
# Visual Studio Version 17
VisualStudioVersion = 17.8.34408.163
MinimumVisualStudioVersion = 10.0.40219.1
Project("{FAE04EC0-301F-11D3-BF4B-00C04F79EFBC}") = "HotelBooking.Domain", "src\HotelBooking.Domain\HotelBooking.Domain.csproj", "{32FD96A3-93BC-4E71-9AAB-ED6D5D4236E5}"
EndProject
Project("{FAE04EC0-301F-11D3-BF4B-00C04F79EFBC}") = "HotelBooking.Application", "src\HotelBooking.Application\HotelBooking.Application.csproj", "{7C2726BA-5575-4B83-8CA5-C25AF93AFD87}"
EndProject
Project("{FAE04EC0-301F-11D3-BF4B-00C04F79EFBC}") = "HotelBooking.Infrastructure", "src\HotelBooking.Infrastructure\HotelBooking.Infrastructure.csproj", "{B841852C-E3FA-4324-8757-ABD0D0E7DFCE}"
EndProject
Project("{FAE04EC0-301F-11D3-BF4B-00C04F79EFBC}") = "HotelBooking.API", "src\HotelBooking.API\HotelBooking.API.csproj", "{EC795304-84EF-46A8-99D5-071DC5105FE8}"
EndProject
Project("{FAE04EC0-301F-11D3-BF4B-00C04F79EFBC}") = "HotelBooking.UnitTests", "tests\HotelBooking.UnitTests\HotelBooking.UnitTests.csproj", "{8D4861F3-55CC-4435-8966-60C8D6C82D8C}"
EndProject
Project("{FAE04EC0-301F-11D3-BF4B-00C04F79EFBC}") = "HotelBooking.IntegrationTests", "tests\HotelBooking.IntegrationTests\HotelBooking.IntegrationTests.csproj", "{BB1854EB-5783-4CEB-A146-9B8C7D7AC0FF}"
EndProject
Global
	GlobalSection(SolutionConfigurationPlatforms) = preSolution
		Debug|Any CPU = Debug|Any CPU
		Release|Any CPU = Release|Any CPU
	EndGlobalSection
	GlobalSection(ProjectConfigurationPlatforms) = postSolution
		{32FD96A3-93BC-4E71-9AAB-ED6D5D4236E5}.Debug|Any CPU.ActiveCfg = Debug|Any CPU
		{32FD96A3-93BC-4E71-9AAB-ED6D5D4236E5}.Debug|Any CPU.Build.0 = Debug|Any CPU
		{32FD96A3-93BC-4E71-9AAB-ED6D5D4236E5}.Release|Any CPU.ActiveCfg = Release|Any CPU
		{32FD96A3-93BC-4E71-9AAB-ED6D5D4236E5}.Release|Any CPU.Build.0 = Release|Any CPU
		{7C2726BA-5575-4B83-8CA5-C25AF93AFD87}.Debug|Any CPU.ActiveCfg = Debug|Any CPU
		{7C2726BA-5575-4B83-8CA5-C25AF93AFD87}.Debug|Any CPU.Build.0 = Debug|Any CPU
		{7C2726BA-5575-4B83-8CA5-C25AF93AFD87}.Release|Any CPU.ActiveCfg = Release|Any CPU
		{7C2726BA-5575-4B83-8CA5-C25AF93AFD87}.Release|Any CPU.Build.0 = Release|Any CPU
		{B841852C-E3FA-4324-8757-ABD0D0E7DFCE}.Debug|Any CPU.ActiveCfg = Debug|Any CPU
		{B841852C-E3FA-4324-8757-ABD0D0E7DFCE}.Debug|Any CPU.Build.0 = Debug|Any CPU
		{B841852C-E3FA-4324-8757-ABD0D0E7DFCE}.Release|Any CPU.ActiveCfg = Release|Any CPU
		{B841852C-E3FA-4324-8757-ABD0D0E7DFCE}.Release|Any CPU.Build.0 = Release|Any CPU
		{EC795304-84EF-46A8-99D5-071DC5105FE8}.Debug|Any CPU.ActiveCfg = Debug|Any CPU
		{EC795304-84EF-46A8-99D5-071DC5105FE8}.Debug|Any CPU.Build.0 = Debug|Any CPU
		{EC795304-84EF-46A8-99D5-071DC5105FE8}.Release|Any CPU.ActiveCfg = Release|Any CPU
		{EC795304-84EF-46A8-99D5-071DC5105FE8}.Release|Any CPU.Build.0 = Release|Any CPU
		{8D4861F3-55CC-4435-8966-60C8D6C82D8C}.Debug|Any CPU.ActiveCfg = Debug|Any CPU
		{8D4861F3-55CC-4435-8966-60C8D6C82D8C}.Debug|Any CPU.Build.0 = Debug|Any CPU
		{8D4861F3-55CC-4435-8966-60C8D6C82D8C}.Release|Any CPU.ActiveCfg = Release|Any CPU
		{8D4861F3-55CC-4435-8966-60C8D6C82D8C}.Release|Any CPU.Build.0 = Release|Any CPU
		{BB1854EB-5783-4CEB-A146-9B8C7D7AC0FF}.Debug|Any CPU.ActiveCfg = Debug|Any CPU
		{BB1854EB-5783-4CEB-A146-9B8C7D7AC0FF}.Debug|Any CPU.Build.0 = Debug|Any CPU
		{BB1854EB-5783-4CEB-A146-9B8C7D7AC0FF}.Release|Any CPU.ActiveCfg = Release|Any CPU
		{BB1854EB-5783-4CEB-A146-9B8C7D7AC0FF}.Release|Any CPU.Build.0 = Release|Any CPU
	EndGlobalSection
	GlobalSection(SolutionProperties) = preSolution
		HideSolutionNode = FALSE
	EndGlobalSection
	GlobalSection(ExtensibilityGlobals) = postSolution
		SolutionGuid = {1E4B6795-FA84-4683-B8C2-AE0404B26518}
	EndGlobalSection
EndGlobal
